
Microsoft Visual Studio Solution File, Format Version 12.00
# Visual Studio Version 17
VisualStudioVersion = 17.9.34902.65
MinimumVisualStudioVersion = 10.0.40219.1
Project("{FAE04EC0-301F-11D3-BF4B-00C04F79EFBC}") = "Primer proyecto", "Primer proyecto\Primer proyecto.csproj", "{0FE7CED8-E895-4E56-88D3-4AC3BBEA5048}"
EndProject
Global
	GlobalSection(SolutionConfigurationPlatforms) = preSolution
		Debug|Any CPU = Debug|Any CPU
		Release|Any CPU = Release|Any CPU
	EndGlobalSection
	GlobalSection(ProjectConfigurationPlatforms) = postSolution
		{0FE7CED8-E895-4E56-88D3-4AC3BBEA5048}.Debug|Any CPU.ActiveCfg = Debug|Any CPU
		{0FE7CED8-E895-4E56-88D3-4AC3BBEA5048}.Debug|Any CPU.Build.0 = Debug|Any CPU
		{0FE7CED8-E895-4E56-88D3-4AC3BBEA5048}.Release|Any CPU.ActiveCfg = Release|Any CPU
		{0FE7CED8-E895-4E56-88D3-4AC3BBEA5048}.Release|Any CPU.Build.0 = Release|Any CPU
	EndGlobalSection
	GlobalSection(SolutionProperties) = preSolution
		HideSolutionNode = FALSE
	EndGlobalSection
	GlobalSection(ExtensibilityGlobals) = postSolution
		SolutionGuid = {6B23868C-9280-456F-89B3-81880A9BB2A0}
	EndGlobalSection
EndGlobal
